
Microsoft Visual Studio Solution File, Format Version 12.00
# Visual Studio Version 17
VisualStudioVersion = 17.9.34616.47
MinimumVisualStudioVersion = 10.0.40219.1
Project("{FAE04EC0-301F-11D3-BF4B-00C04F79EFBC}") = "tpmodul6_1302223045", "tpmodul6_1302223045\tpmodul6_1302223045.csproj", "{77B93904-0546-4F10-9B61-C07745B25A37}"
EndProject
Global
	GlobalSection(SolutionConfigurationPlatforms) = preSolution
		Debug|Any CPU = Debug|Any CPU
		Release|Any CPU = Release|Any CPU
	EndGlobalSection
	GlobalSection(ProjectConfigurationPlatforms) = postSolution
		{77B93904-0546-4F10-9B61-C07745B25A37}.Debug|Any CPU.ActiveCfg = Debug|Any CPU
		{77B93904-0546-4F10-9B61-C07745B25A37}.Debug|Any CPU.Build.0 = Debug|Any CPU
		{77B93904-0546-4F10-9B61-C07745B25A37}.Release|Any CPU.ActiveCfg = Release|Any CPU
		{77B93904-0546-4F10-9B61-C07745B25A37}.Release|Any CPU.Build.0 = Release|Any CPU
	EndGlobalSection
	GlobalSection(SolutionProperties) = preSolution
		HideSolutionNode = FALSE
	EndGlobalSection
	GlobalSection(ExtensibilityGlobals) = postSolution
		SolutionGuid = {C1D13E72-37F8-4AE2-BE24-79BB985A5FA3}
	EndGlobalSection
EndGlobal
